// !$*UTF8*$!
{
	archiveVersion = 1;
	classes = {
	};
	objectVersion = 46;
	objects = {

/* Begin PBXBuildFile section */
		F6A1928E213F059B00A9A0FD /* AppDelegate.swift in Sources */ = {isa = PBXBuildFile; fileRef = F6A1928D213F059B00A9A0FD /* AppDelegate.swift */; };
		F6A19290213F059B00A9A0FD /* ViewController.swift in Sources */ = {isa = PBXBuildFile; fileRef = F6A1928F213F059B00A9A0FD /* ViewController.swift */; };
		F6A19293213F059B00A9A0FD /* Main.storyboard in Resources */ = {isa = PBXBuildFile; fileRef = F6A19291213F059B00A9A0FD /* Main.storyboard */; };
		F6A19295213F059B00A9A0FD /* Assets.xcassets in Resources */ = {isa = PBXBuildFile; fileRef = F6A19294213F059B00A9A0FD /* Assets.xcassets */; };
		F6A19298213F059B00A9A0FD /* LaunchScreen.storyboard in Resources */ = {isa = PBXBuildFile; fileRef = F6A19296213F059B00A9A0FD /* LaunchScreen.storyboard */; };
		F6A192A3213F059B00A9A0FD /* flix_demo_03Tests.swift in Sources */ = {isa = PBXBuildFile; fileRef = F6A192A2213F059B00A9A0FD /* flix_demo_03Tests.swift */; };
		F6A192AE213F059C00A9A0FD /* flix_demo_03UITests.swift in Sources */ = {isa = PBXBuildFile; fileRef = F6A192AD213F059C00A9A0FD /* flix_demo_03UITests.swift */; };
/* End PBXBuildFile section */

/* Begin PBXContainerItemProxy section */
		F6A1929F213F059B00A9A0FD /* PBXContainerItemProxy */ = {
			isa = PBXContainerItemProxy;
			containerPortal = F6A19282213F059B00A9A0FD /* Project object */;
			proxyType = 1;
			remoteGlobalIDString = F6A19289213F059B00A9A0FD;
			remoteInfo = flix_demo_03;
		};
		F6A192AA213F059C00A9A0FD /* PBXContainerItemProxy */ = {
			isa = PBXContainerItemProxy;
			containerPortal = F6A19282213F059B00A9A0FD /* Project object */;
			proxyType = 1;
			remoteGlobalIDString = F6A19289213F059B00A9A0FD;
			remoteInfo = flix_demo_03;
		};
/* End PBXContainerItemProxy section */

/* Begin PBXFileReference section */
		F6A1928A213F059B00A9A0FD /* flix_demo_03.app */ = {isa = PBXFileReference; explicitFileType = wrapper.application; includeInIndex = 0; path = flix_demo_03.app; sourceTree = BUILT_PRODUCTS_DIR; };
		F6A1928D213F059B00A9A0FD /* AppDelegate.swift */ = {isa = PBXFileReference; lastKnownFileType = sourcecode.swift; path = AppDelegate.swift; sourceTree = "<group>"; };
		F6A1928F213F059B00A9A0FD /* ViewController.swift */ = {isa = PBXFileReference; lastKnownFileType = sourcecode.swift; path = ViewController.swift; sourceTree = "<group>"; };
		F6A19292213F059B00A9A0FD /* Base */ = {isa = PBXFileReference; lastKnownFileType = file.storyboard; name = Base; path = Base.lproj/Main.storyboard; sourceTree = "<group>"; };
		F6A19294213F059B00A9A0FD /* Assets.xcassets */ = {isa = PBXFileReference; lastKnownFileType = folder.assetcatalog; path = Assets.xcassets; sourceTree = "<group>"; };
		F6A19297213F059B00A9A0FD /* Base */ = {isa = PBXFileReference; lastKnownFileType = file.storyboard; name = Base; path = Base.lproj/LaunchScreen.storyboard; sourceTree = "<group>"; };
		F6A19299213F059B00A9A0FD /* Info.plist */ = {isa = PBXFileReference; lastKnownFileType = text.plist.xml; path = Info.plist; sourceTree = "<group>"; };
		F6A1929E213F059B00A9A0FD /* flix_demo_03Tests.xctest */ = {isa = PBXFileReference; explicitFileType = wrapper.cfbundle; includeInIndex = 0; path = flix_demo_03Tests.xctest; sourceTree = BUILT_PRODUCTS_DIR; };
		F6A192A2213F059B00A9A0FD /* flix_demo_03Tests.swift */ = {isa = PBXFileReference; lastKnownFileType = sourcecode.swift; path = flix_demo_03Tests.swift; sourceTree = "<group>"; };
		F6A192A4213F059B00A9A0FD /* Info.plist */ = {isa = PBXFileReference; lastKnownFileType = text.plist.xml; path = Info.plist; sourceTree = "<group>"; };
		F6A192A9213F059C00A9A0FD /* flix_demo_03UITests.xctest */ = {isa = PBXFileReference; explicitFileType = wrapper.cfbundle; includeInIndex = 0; path = flix_demo_03UITests.xctest; sourceTree = BUILT_PRODUCTS_DIR; };
		F6A192AD213F059C00A9A0FD /* flix_demo_03UITests.swift */ = {isa = PBXFileReference; lastKnownFileType = sourcecode.swift; path = flix_demo_03UITests.swift; sourceTree = "<group>"; };
		F6A192AF213F059C00A9A0FD /* Info.plist */ = {isa = PBXFileReference; lastKnownFileType = text.plist.xml; path = Info.plist; sourceTree = "<group>"; };
/* End PBXFileReference section */

/* Begin PBXFrameworksBuildPhase section */
		F6A19287213F059B00A9A0FD /* Frameworks */ = {
			isa = PBXFrameworksBuildPhase;
			buildActionMask = 2147483647;
			files = (
			);
			runOnlyForDeploymentPostprocessing = 0;
		};
		F6A1929B213F059B00A9A0FD /* Frameworks */ = {
			isa = PBXFrameworksBuildPhase;
			buildActionMask = 2147483647;
			files = (
			);
			runOnlyForDeploymentPostprocessing = 0;
		};
		F6A192A6213F059C00A9A0FD /* Frameworks */ = {
			isa = PBXFrameworksBuildPhase;
			buildActionMask = 2147483647;
			files = (
			);
			runOnlyForDeploymentPostprocessing = 0;
		};
/* End PBXFrameworksBuildPhase section */

/* Begin PBXGroup section */
		F6A19281213F059B00A9A0FD = {
			isa = PBXGroup;
			children = (
				F6A1928C213F059B00A9A0FD /* flix_demo_03 */,
				F6A192A1213F059B00A9A0FD /* flix_demo_03Tests */,
				F6A192AC213F059C00A9A0FD /* flix_demo_03UITests */,
				F6A1928B213F059B00A9A0FD /* Products */,
			);
			sourceTree = "<group>";
		};
		F6A1928B213F059B00A9A0FD /* Products */ = {
			isa = PBXGroup;
			children = (
				F6A1928A213F059B00A9A0FD /* flix_demo_03.app */,
				F6A1929E213F059B00A9A0FD /* flix_demo_03Tests.xctest */,
				F6A192A9213F059C00A9A0FD /* flix_demo_03UITests.xctest */,
			);
			name = Products;
			sourceTree = "<group>";
		};
		F6A1928C213F059B00A9A0FD /* flix_demo_03 */ = {
			isa = PBXGroup;
			children = (
				F6A1928D213F059B00A9A0FD /* AppDelegate.swift */,
				F6A1928F213F059B00A9A0FD /* ViewController.swift */,
				F6A19291213F059B00A9A0FD /* Main.storyboard */,
				F6A19294213F059B00A9A0FD /* Assets.xcassets */,
				F6A19296213F059B00A9A0FD /* LaunchScreen.storyboard */,
				F6A19299213F059B00A9A0FD /* Info.plist */,
			);
			path = flix_demo_03;
			sourceTree = "<group>";
		};
		F6A192A1213F059B00A9A0FD /* flix_demo_03Tests */ = {
			isa = PBXGroup;
			children = (
				F6A192A2213F059B00A9A0FD /* flix_demo_03Tests.swift */,
				F6A192A4213F059B00A9A0FD /* Info.plist */,
			);
			path = flix_demo_03Tests;
			sourceTree = "<group>";
		};
		F6A192AC213F059C00A9A0FD /* flix_demo_03UITests */ = {
			isa = PBXGroup;
			children = (
				F6A192AD213F059C00A9A0FD /* flix_demo_03UITests.swift */,
				F6A192AF213F059C00A9A0FD /* Info.plist */,
			);
			path = flix_demo_03UITests;
			sourceTree = "<group>";
		};
/* End PBXGroup section */

/* Begin PBXNativeTarget section */
		F6A19289213F059B00A9A0FD /* flix_demo_03 */ = {
			isa = PBXNativeTarget;
			buildConfigurationList = F6A192B2213F059C00A9A0FD /* Build configuration list for PBXNativeTarget "flix_demo_03" */;
			buildPhases = (
				F6A19286213F059B00A9A0FD /* Sources */,
				F6A19287213F059B00A9A0FD /* Frameworks */,
				F6A19288213F059B00A9A0FD /* Resources */,
			);
			buildRules = (
			);
			dependencies = (
			);
			name = flix_demo_03;
			productName = flix_demo_03;
			productReference = F6A1928A213F059B00A9A0FD /* flix_demo_03.app */;
			productType = "com.apple.product-type.application";
		};
		F6A1929D213F059B00A9A0FD /* flix_demo_03Tests */ = {
			isa = PBXNativeTarget;
			buildConfigurationList = F6A192B5213F059C00A9A0FD /* Build configuration list for PBXNativeTarget "flix_demo_03Tests" */;
			buildPhases = (
				F6A1929A213F059B00A9A0FD /* Sources */,
				F6A1929B213F059B00A9A0FD /* Frameworks */,
				F6A1929C213F059B00A9A0FD /* Resources */,
			);
			buildRules = (
			);
			dependencies = (
				F6A192A0213F059B00A9A0FD /* PBXTargetDependency */,
			);
			name = flix_demo_03Tests;
			productName = flix_demo_03Tests;
			productReference = F6A1929E213F059B00A9A0FD /* flix_demo_03Tests.xctest */;
			productType = "com.apple.product-type.bundle.unit-test";
		};
		F6A192A8213F059C00A9A0FD /* flix_demo_03UITests */ = {
			isa = PBXNativeTarget;
			buildConfigurationList = F6A192B8213F059C00A9A0FD /* Build configuration list for PBXNativeTarget "flix_demo_03UITests" */;
			buildPhases = (
				F6A192A5213F059C00A9A0FD /* Sources */,
				F6A192A6213F059C00A9A0FD /* Frameworks */,
				F6A192A7213F059C00A9A0FD /* Resources */,
			);
			buildRules = (
			);
			dependencies = (
				F6A192AB213F059C00A9A0FD /* PBXTargetDependency */,
			);
			name = flix_demo_03UITests;
			productName = flix_demo_03UITests;
			productReference = F6A192A9213F059C00A9A0FD /* flix_demo_03UITests.xctest */;
			productType = "com.apple.product-type.bundle.ui-testing";
		};
/* End PBXNativeTarget section */

/* Begin PBXProject section */
		F6A19282213F059B00A9A0FD /* Project object */ = {
			isa = PBXProject;
			attributes = {
				LastSwiftUpdateCheck = 0830;
				LastUpgradeCheck = 0830;
				ORGANIZATIONNAME = "Shrijan Aryal";
				TargetAttributes = {
					F6A19289213F059B00A9A0FD = {
						CreatedOnToolsVersion = 8.3.3;
						DevelopmentTeam = D2AL6S4WLN;
						ProvisioningStyle = Automatic;
					};
					F6A1929D213F059B00A9A0FD = {
						CreatedOnToolsVersion = 8.3.3;
						DevelopmentTeam = D2AL6S4WLN;
						ProvisioningStyle = Automatic;
						TestTargetID = F6A19289213F059B00A9A0FD;
					};
					F6A192A8213F059C00A9A0FD = {
						CreatedOnToolsVersion = 8.3.3;
						DevelopmentTeam = D2AL6S4WLN;
						ProvisioningStyle = Automatic;
						TestTargetID = F6A19289213F059B00A9A0FD;
					};
				};
			};
			buildConfigurationList = F6A19285213F059B00A9A0FD /* Build configuration list for PBXProject "flix_demo_03" */;
			compatibilityVersion = "Xcode 3.2";
			developmentRegion = English;
			hasScannedForEncodings = 0;
			knownRegions = (
				en,
				Base,
			);
			mainGroup = F6A19281213F059B00A9A0FD;
			productRefGroup = F6A1928B213F059B00A9A0FD /* Products */;
			projectDirPath = "";
			projectRoot = "";
			targets = (
				F6A19289213F059B00A9A0FD /* flix_demo_03 */,
				F6A1929D213F059B00A9A0FD /* flix_demo_03Tests */,
				F6A192A8213F059C00A9A0FD /* flix_demo_03UITests */,
			);
		};
/* End PBXProject section */

/* Begin PBXResourcesBuildPhase section */
		F6A19288213F059B00A9A0FD /* Resources */ = {
			isa = PBXResourcesBuildPhase;
			buildActionMask = 2147483647;
			files = (
				F6A19298213F059B00A9A0FD /* LaunchScreen.storyboard in Resources */,
				F6A19295213F059B00A9A0FD /* Assets.xcassets in Resources */,
				F6A19293213F059B00A9A0FD /* Main.storyboard in Resources */,
			);
			runOnlyForDeploymentPostprocessing = 0;
		};
		F6A1929C213F059B00A9A0FD /* Resources */ = {
			isa = PBXResourcesBuildPhase;
			buildActionMask = 2147483647;
			files = (
			);
			runOnlyForDeploymentPostprocessing = 0;
		};
		F6A192A7213F059C00A9A0FD /* Resources */ = {
			isa = PBXResourcesBuildPhase;
			buildActionMask = 2147483647;
			files = (
			);
			runOnlyForDeploymentPostprocessing = 0;
		};
/* End PBXResourcesBuildPhase section */

/* Begin PBXSourcesBuildPhase section */
		F6A19286213F059B00A9A0FD /* Sources */ = {
			isa = PBXSourcesBuildPhase;
			buildActionMask = 2147483647;
			files = (
				F6A19290213F059B00A9A0FD /* ViewController.swift in Sources */,
				F6A1928E213F059B00A9A0FD /* AppDelegate.swift in Sources */,
			);
			runOnlyForDeploymentPostprocessing = 0;
		};
		F6A1929A213F059B00A9A0FD /* Sources */ = {
			isa = PBXSourcesBuildPhase;
			buildActionMask = 2147483647;
			files = (
				F6A192A3213F059B00A9A0FD /* flix_demo_03Tests.swift in Sources */,
			);
			runOnlyForDeploymentPostprocessing = 0;
		};
		F6A192A5213F059C00A9A0FD /* Sources */ = {
			isa = PBXSourcesBuildPhase;
			buildActionMask = 2147483647;
			files = (
				F6A192AE213F059C00A9A0FD /* flix_demo_03UITests.swift in Sources */,
			);
			runOnlyForDeploymentPostprocessing = 0;
		};
/* End PBXSourcesBuildPhase section */

/* Begin PBXTargetDependency section */
		F6A192A0213F059B00A9A0FD /* PBXTargetDependency */ = {
			isa = PBXTargetDependency;
			target = F6A19289213F059B00A9A0FD /* flix_demo_03 */;
			targetProxy = F6A1929F213F059B00A9A0FD /* PBXContainerItemProxy */;
		};
		F6A192AB213F059C00A9A0FD /* PBXTargetDependency */ = {
			isa = PBXTargetDependency;
			target = F6A19289213F059B00A9A0FD /* flix_demo_03 */;
			targetProxy = F6A192AA213F059C00A9A0FD /* PBXContainerItemProxy */;
		};
/* End PBXTargetDependency section */

/* Begin PBXVariantGroup section */
		F6A19291213F059B00A9A0FD /* Main.storyboard */ = {
			isa = PBXVariantGroup;
			children = (
				F6A19292213F059B00A9A0FD /* Base */,
			);
			name = Main.storyboard;
			sourceTree = "<group>";
		};
		F6A19296213F059B00A9A0FD /* LaunchScreen.storyboard */ = {
			isa = PBXVariantGroup;
			children = (
				F6A19297213F059B00A9A0FD /* Base */,
			);
			name = LaunchScreen.storyboard;
			sourceTree = "<group>";
		};
/* End PBXVariantGroup section */

/* Begin XCBuildConfiguration section */
		F6A192B0213F059C00A9A0FD /* Debug */ = {
			isa = XCBuildConfiguration;
			buildSettings = {
				ALWAYS_SEARCH_USER_PATHS = NO;
				CLANG_ANALYZER_NONNULL = YES;
				CLANG_ANALYZER_NUMBER_OBJECT_CONVERSION = YES_AGGRESSIVE;
				CLANG_CXX_LANGUAGE_STANDARD = "gnu++0x";
				CLANG_CXX_LIBRARY = "libc++";
				CLANG_ENABLE_MODULES = YES;
				CLANG_ENABLE_OBJC_ARC = YES;
				CLANG_WARN_BOOL_CONVERSION = YES;
				CLANG_WARN_CONSTANT_CONVERSION = YES;
				CLANG_WARN_DIRECT_OBJC_ISA_USAGE = YES_ERROR;
				CLANG_WARN_DOCUMENTATION_COMMENTS = YES;
				CLANG_WARN_EMPTY_BODY = YES;
				CLANG_WARN_ENUM_CONVERSION = YES;
				CLANG_WARN_INFINITE_RECURSION = YES;
				CLANG_WARN_INT_CONVERSION = YES;
				CLANG_WARN_OBJC_ROOT_CLASS = YES_ERROR;
				CLANG_WARN_SUSPICIOUS_MOVE = YES;
				CLANG_WARN_UNREACHABLE_CODE = YES;
				CLANG_WARN__DUPLICATE_METHOD_MATCH = YES;
				"CODE_SIGN_IDENTITY[sdk=iphoneos*]" = "iPhone Developer";
				COPY_PHASE_STRIP = NO;
				DEBUG_INFORMATION_FORMAT = dwarf;
				ENABLE_STRICT_OBJC_MSGSEND = YES;
				ENABLE_TESTABILITY = YES;
				GCC_C_LANGUAGE_STANDARD = gnu99;
				GCC_DYNAMIC_NO_PIC = NO;
				GCC_NO_COMMON_BLOCKS = YES;
				GCC_OPTIMIZATION_LEVEL = 0;
				GCC_PREPROCESSOR_DEFINITIONS = (
					"DEBUG=1",
					"$(inherited)",
				);
				GCC_WARN_64_TO_32_BIT_CONVERSION = YES;
				GCC_WARN_ABOUT_RETURN_TYPE = YES_ERROR;
				GCC_WARN_UNDECLARED_SELECTOR = YES;
				GCC_WARN_UNINITIALIZED_AUTOS = YES_AGGRESSIVE;
				GCC_WARN_UNUSED_FUNCTION = YES;
				GCC_WARN_UNUSED_VARIABLE = YES;
				IPHONEOS_DEPLOYMENT_TARGET = 10.3;
				MTL_ENABLE_DEBUG_INFO = YES;
				ONLY_ACTIVE_ARCH = YES;
				SDKROOT = iphoneos;
				SWIFT_ACTIVE_COMPILATION_CONDITIONS = DEBUG;
				SWIFT_OPTIMIZATION_LEVEL = "-Onone";
			};
			name = Debug;
		};
		F6A192B1213F059C00A9A0FD /* Release */ = {
			isa = XCBuildConfiguration;
			buildSettings = {
				ALWAYS_SEARCH_USER_PATHS = NO;
				CLANG_ANALYZER_NONNULL = YES;
				CLANG_ANALYZER_NUMBER_OBJECT_CONVERSION = YES_AGGRESSIVE;
				CLANG_CXX_LANGUAGE_STANDARD = "gnu++0x";
				CLANG_CXX_LIBRARY = "libc++";
				CLANG_ENABLE_MODULES = YES;
				CLANG_ENABLE_OBJC_ARC = YES;
				CLANG_WARN_BOOL_CONVERSION = YES;
				CLANG_WARN_CONSTANT_CONVERSION = YES;
				CLANG_WARN_DIRECT_OBJC_ISA_USAGE = YES_ERROR;
				CLANG_WARN_DOCUMENTATION_COMMENTS = YES;
				CLANG_WARN_EMPTY_BODY = YES;
				CLANG_WARN_ENUM_CONVERSION = YES;
				CLANG_WARN_INFINITE_RECURSION = YES;
				CLANG_WARN_INT_CONVERSION = YES;
				CLANG_WARN_OBJC_ROOT_CLASS = YES_ERROR;
				CLANG_WARN_SUSPICIOUS_MOVE = YES;
				CLANG_WARN_UNREACHABLE_CODE = YES;
				CLANG_WARN__DUPLICATE_METHOD_MATCH = YES;
				"CODE_SIGN_IDENTITY[sdk=iphoneos*]" = "iPhone Developer";
				COPY_PHASE_STRIP = NO;
				DEBUG_INFORMATION_FORMAT = "dwarf-with-dsym";
				ENABLE_NS_ASSERTIONS = NO;
				ENABLE_STRICT_OBJC_MSGSEND = YES;
				GCC_C_LANGUAGE_STANDARD = gnu99;
				GCC_NO_COMMON_BLOCKS = YES;
				GCC_WARN_64_TO_32_BIT_CONVERSION = YES;
				GCC_WARN_ABOUT_RETURN_TYPE = YES_ERROR;
				GCC_WARN_UNDECLARED_SELECTOR = YES;
				GCC_WARN_UNINITIALIZED_AUTOS = YES_AGGRESSIVE;
				GCC_WARN_UNUSED_FUNCTION = YES;
				GCC_WARN_UNUSED_VARIABLE = YES;
				IPHONEOS_DEPLOYMENT_TARGET = 10.3;
				MTL_ENABLE_DEBUG_INFO = NO;
				SDKROOT = iphoneos;
				SWIFT_OPTIMIZATION_LEVEL = "-Owholemodule";
				VALIDATE_PRODUCT = YES;
			};
			name = Release;
		};
		F6A192B3213F059C00A9A0FD /* Debug */ = {
			isa = XCBuildConfiguration;
			buildSettings = {
				ASSETCATALOG_COMPILER_APPICON_NAME = AppIcon;
				DEVELOPMENT_TEAM = D2AL6S4WLN;
				INFOPLIST_FILE = flix_demo_03/Info.plist;
				LD_RUNPATH_SEARCH_PATHS = "$(inherited) @executable_path/Frameworks";
				PRODUCT_BUNDLE_IDENTIFIER = "shrijanaryal.flix-demo-03";
				PRODUCT_NAME = "$(TARGET_NAME)";
				SWIFT_VERSION = 3.0;
			};
			name = Debug;
		};
		F6A192B4213F059C00A9A0FD /* Release */ = {
			isa = XCBuildConfiguration;
			buildSettings = {
				ASSETCATALOG_COMPILER_APPICON_NAME = AppIcon;
				DEVELOPMENT_TEAM = D2AL6S4WLN;
				INFOPLIST_FILE = flix_demo_03/Info.plist;
				LD_RUNPATH_SEARCH_PATHS = "$(inherited) @executable_path/Frameworks";
				PRODUCT_BUNDLE_IDENTIFIER = "shrijanaryal.flix-demo-03";
				PRODUCT_NAME = "$(TARGET_NAME)";
				SWIFT_VERSION = 3.0;
			};
			name = Release;
		};
		F6A192B6213F059C00A9A0FD /* Debug */ = {
			isa = XCBuildConfiguration;
			buildSettings = {
				ALWAYS_EMBED_SWIFT_STANDARD_LIBRARIES = YES;
				BUNDLE_LOADER = "$(TEST_HOST)";
				DEVELOPMENT_TEAM = D2AL6S4WLN;
				INFOPLIST_FILE = flix_demo_03Tests/Info.plist;
				LD_RUNPATH_SEARCH_PATHS = "$(inherited) @executable_path/Frameworks @loader_path/Frameworks";
				PRODUCT_BUNDLE_IDENTIFIER = "shrijanaryal.flix-demo-03Tests";
				PRODUCT_NAME = "$(TARGET_NAME)";
				SWIFT_VERSION = 3.0;
				TEST_HOST = "$(BUILT_PRODUCTS_DIR)/flix_demo_03.app/flix_demo_03";
			};
			name = Debug;
		};
		F6A192B7213F059C00A9A0FD /* Release */ = {
			isa = XCBuildConfiguration;
			buildSettings = {
				ALWAYS_EMBED_SWIFT_STANDARD_LIBRARIES = YES;
				BUNDLE_LOADER = "$(TEST_HOST)";
				DEVELOPMENT_TEAM = D2AL6S4WLN;
				INFOPLIST_FILE = flix_demo_03Tests/Info.plist;
				LD_RUNPATH_SEARCH_PATHS = "$(inherited) @executable_path/Frameworks @loader_path/Frameworks";
				PRODUCT_BUNDLE_IDENTIFIER = "shrijanaryal.flix-demo-03Tests";
				PRODUCT_NAME = "$(TARGET_NAME)";
				SWIFT_VERSION = 3.0;
				TEST_HOST = "$(BUILT_PRODUCTS_DIR)/flix_demo_03.app/flix_demo_03";
			};
			name = Release;
		};
		F6A192B9213F059C00A9A0FD /* Debug */ = {
			isa = XCBuildConfiguration;
			buildSettings = {
				ALWAYS_EMBED_SWIFT_STANDARD_LIBRARIES = YES;
				DEVELOPMENT_TEAM = D2AL6S4WLN;
				INFOPLIST_FILE = flix_demo_03UITests/Info.plist;
				LD_RUNPATH_SEARCH_PATHS = "$(inherited) @executable_path/Frameworks @loader_path/Frameworks";
				PRODUCT_BUNDLE_IDENTIFIER = "shrijanaryal.flix-demo-03UITests";
				PRODUCT_NAME = "$(TARGET_NAME)";
				SWIFT_VERSION = 3.0;
				TEST_TARGET_NAME = flix_demo_03;
			};
			name = Debug;
		};
		F6A192BA213F059C00A9A0FD /* Release */ = {
			isa = XCBuildConfiguration;
			buildSettings = {
				ALWAYS_EMBED_SWIFT_STANDARD_LIBRARIES = YES;
				DEVELOPMENT_TEAM = D2AL6S4WLN;
				INFOPLIST_FILE = flix_demo_03UITests/Info.plist;
				LD_RUNPATH_SEARCH_PATHS = "$(inherited) @executable_path/Frameworks @loader_path/Frameworks";
				PRODUCT_BUNDLE_IDENTIFIER = "shrijanaryal.flix-demo-03UITests";
				PRODUCT_NAME = "$(TARGET_NAME)";
				SWIFT_VERSION = 3.0;
				TEST_TARGET_NAME = flix_demo_03;
			};
			name = Release;
		};
/* End XCBuildConfiguration section */

/* Begin XCConfigurationList section */
		F6A19285213F059B00A9A0FD /* Build configuration list for PBXProject "flix_demo_03" */ = {
			isa = XCConfigurationList;
			buildConfigurations = (
				F6A192B0213F059C00A9A0FD /* Debug */,
				F6A192B1213F059C00A9A0FD /* Release */,
			);
			defaultConfigurationIsVisible = 0;
			defaultConfigurationName = Release;
		};
		F6A192B2213F059C00A9A0FD /* Build configuration list for PBXNativeTarget "flix_demo_03" */ = {
			isa = XCConfigurationList;
			buildConfigurations = (
				F6A192B3213F059C00A9A0FD /* Debug */,
				F6A192B4213F059C00A9A0FD /* Release */,
			);
			defaultConfigurationIsVisible = 0;
		};
		F6A192B5213F059C00A9A0FD /* Build configuration list for PBXNativeTarget "flix_demo_03Tests" */ = {
			isa = XCConfigurationList;
			buildConfigurations = (
				F6A192B6213F059C00A9A0FD /* Debug */,
				F6A192B7213F059C00A9A0FD /* Release */,
			);
			defaultConfigurationIsVisible = 0;
		};
		F6A192B8213F059C00A9A0FD /* Build configuration list for PBXNativeTarget "flix_demo_03UITests" */ = {
			isa = XCConfigurationList;
			buildConfigurations = (
				F6A192B9213F059C00A9A0FD /* Debug */,
				F6A192BA213F059C00A9A0FD /* Release */,
			);
			defaultConfigurationIsVisible = 0;
		};
/* End XCConfigurationList section */
	};
	rootObject = F6A19282213F059B00A9A0FD /* Project object */;
}
